
Microsoft Visual Studio Solution File, Format Version 12.00
# Visual Studio 15
VisualStudioVersion = 15.0.28010.2046
MinimumVisualStudioVersion = 10.0.40219.1
Project("{FAE04EC0-301F-11D3-BF4B-00C04F79EFBC}") = "leetcodeCsharp", "leetcodeCsharp\leetcodeCsharp.csproj", "{ECDB5802-99EA-43D4-8969-36DEB23DB4CC}"
EndProject
Global
	GlobalSection(SolutionConfigurationPlatforms) = preSolution
		Debug|Any CPU = Debug|Any CPU
		Release|Any CPU = Release|Any CPU
	EndGlobalSection
	GlobalSection(ProjectConfigurationPlatforms) = postSolution
		{ECDB5802-99EA-43D4-8969-36DEB23DB4CC}.Debug|Any CPU.ActiveCfg = Debug|Any CPU
		{ECDB5802-99EA-43D4-8969-36DEB23DB4CC}.Debug|Any CPU.Build.0 = Debug|Any CPU
		{ECDB5802-99EA-43D4-8969-36DEB23DB4CC}.Release|Any CPU.ActiveCfg = Release|Any CPU
		{ECDB5802-99EA-43D4-8969-36DEB23DB4CC}.Release|Any CPU.Build.0 = Release|Any CPU
	EndGlobalSection
	GlobalSection(SolutionProperties) = preSolution
		HideSolutionNode = FALSE
	EndGlobalSection
	GlobalSection(ExtensibilityGlobals) = postSolution
		SolutionGuid = {54322D86-3574-455D-BED2-6ABF4BB3C9CD}
	EndGlobalSection
EndGlobal
